// !$*UTF8*$!
{
	archiveVersion = 1;
	classes = {
	};
	objectVersion = 56;
	objects = {

/* Begin PBXBuildFile section */
		3B2DCB8529D227A700D57509 /* AppDelegate.swift in Sources */ = {isa = PBXBuildFile; fileRef = 3B2DCB8429D227A700D57509 /* AppDelegate.swift */; };
		3B2DCB8729D227A700D57509 /* SceneDelegate.swift in Sources */ = {isa = PBXBuildFile; fileRef = 3B2DCB8629D227A700D57509 /* SceneDelegate.swift */; };
		3B2DCB8929D227A700D57509 /* ViewController.swift in Sources */ = {isa = PBXBuildFile; fileRef = 3B2DCB8829D227A700D57509 /* ViewController.swift */; };
		3B2DCB8C29D227A700D57509 /* Main.storyboard in Resources */ = {isa = PBXBuildFile; fileRef = 3B2DCB8A29D227A700D57509 /* Main.storyboard */; };
		3B2DCB8E29D227A900D57509 /* Assets.xcassets in Resources */ = {isa = PBXBuildFile; fileRef = 3B2DCB8D29D227A900D57509 /* Assets.xcassets */; };
		3B2DCB9129D227A900D57509 /* LaunchScreen.storyboard in Resources */ = {isa = PBXBuildFile; fileRef = 3B2DCB8F29D227A900D57509 /* LaunchScreen.storyboard */; };
		3B2DCB9F29D2288C00D57509 /* UIView_addSubViews.swift in Sources */ = {isa = PBXBuildFile; fileRef = 3B2DCB9D29D2288B00D57509 /* UIView_addSubViews.swift */; };
		3B2DCBA029D2288C00D57509 /* UIView_enableTapGestureRecognizer.swift in Sources */ = {isa = PBXBuildFile; fileRef = 3B2DCB9E29D2288B00D57509 /* UIView_enableTapGestureRecognizer.swift */; };
		3B2DCBA229D3131F00D57509 /* PlantTableViewCell.swift in Sources */ = {isa = PBXBuildFile; fileRef = 3B2DCBA129D3131F00D57509 /* PlantTableViewCell.swift */; };
		3B2DCBA529D3150500D57509 /* PlantModel.swift in Sources */ = {isa = PBXBuildFile; fileRef = 3B2DCBA429D3150500D57509 /* PlantModel.swift */; };
		3B2DCBA729D366EB00D57509 /* API.swift in Sources */ = {isa = PBXBuildFile; fileRef = 3B2DCBA629D366EB00D57509 /* API.swift */; };
		3B2DCBA929D3674600D57509 /* PlantAPI.swift in Sources */ = {isa = PBXBuildFile; fileRef = 3B2DCBA829D3674600D57509 /* PlantAPI.swift */; };
		3B2DCBAB29D36F6200D57509 /* UIImageView_fetchImageFromURL.swift in Sources */ = {isa = PBXBuildFile; fileRef = 3B2DCBAA29D36F6200D57509 /* UIImageView_fetchImageFromURL.swift */; };
		3B2DCBB129D38B7800D57509 /* Logo.swift in Sources */ = {isa = PBXBuildFile; fileRef = 3B2DCBB029D38B7800D57509 /* Logo.swift */; };
		3B2DCBB829D5EB0400D57509 /* UIPageNavigation.swift in Sources */ = {isa = PBXBuildFile; fileRef = 3B2DCBB729D5EB0400D57509 /* UIPageNavigation.swift */; };
		3B2DCBBC29D607B500D57509 /* PlantDetailController.swift in Sources */ = {isa = PBXBuildFile; fileRef = 3B2DCBBB29D607B500D57509 /* PlantDetailController.swift */; };
		3B2DCBC029D6081900D57509 /* UIPlantDetail.swift in Sources */ = {isa = PBXBuildFile; fileRef = 3B2DCBBF29D6081900D57509 /* UIPlantDetail.swift */; };
		3B2DCBC229DB012100D57509 /* UILoginForm.swift in Sources */ = {isa = PBXBuildFile; fileRef = 3B2DCBC129DB012100D57509 /* UILoginForm.swift */; };
		3B2DCBC429DB0FED00D57509 /* LoginController.swift in Sources */ = {isa = PBXBuildFile; fileRef = 3B2DCBC329DB0FED00D57509 /* LoginController.swift */; };
		3B2DCBC629DB0FFB00D57509 /* SignUpController.swift in Sources */ = {isa = PBXBuildFile; fileRef = 3B2DCBC529DB0FFB00D57509 /* SignUpController.swift */; };
		3B2DCBC829DB6EC400D57509 /* UIUtilitiesBar.swift in Sources */ = {isa = PBXBuildFile; fileRef = 3B2DCBC729DB6EC400D57509 /* UIUtilitiesBar.swift */; };
		3B2DCBD629DC618200D57509 /* FirebaseAuth in Frameworks */ = {isa = PBXBuildFile; productRef = 3B2DCBD529DC618200D57509 /* FirebaseAuth */; };
		3B2DCBD829DC618200D57509 /* FirebaseDatabase in Frameworks */ = {isa = PBXBuildFile; productRef = 3B2DCBD729DC618200D57509 /* FirebaseDatabase */; };
		3B2DCBDA29DC618200D57509 /* FirebaseDatabaseSwift in Frameworks */ = {isa = PBXBuildFile; productRef = 3B2DCBD929DC618200D57509 /* FirebaseDatabaseSwift */; };
		3B2DCBE129DC65F500D57509 /* UISignUpForm.swift in Sources */ = {isa = PBXBuildFile; fileRef = 3B2DCBE029DC65F500D57509 /* UISignUpForm.swift */; };
		3B2DCBE329DC779E00D57509 /* GoogleService-Info.plist in Resources */ = {isa = PBXBuildFile; fileRef = 3B2DCBE229DC779E00D57509 /* GoogleService-Info.plist */; };
		3B2DCBE529DC8B0A00D57509 /* Toast.swift in Sources */ = {isa = PBXBuildFile; fileRef = 3B2DCBE429DC8B0A00D57509 /* Toast.swift */; };
		3B2DCBE929DCB6F400D57509 /* DatabaseManagement.swift in Sources */ = {isa = PBXBuildFile; fileRef = 3B2DCBE829DCB6F400D57509 /* DatabaseManagement.swift */; };
		3B2DCBEB29DE013F00D57509 /* PlantsSavedControllerViewController.swift in Sources */ = {isa = PBXBuildFile; fileRef = 3B2DCBEA29DE013F00D57509 /* PlantsSavedControllerViewController.swift */; };
		3B2DCBED29DEFFA400D57509 /* UIPlantDetailUtility.swift in Sources */ = {isa = PBXBuildFile; fileRef = 3B2DCBEC29DEFFA400D57509 /* UIPlantDetailUtility.swift */; };
		3B2DCBEF29E04D9C00D57509 /* UIButton_newButton.swift in Sources */ = {isa = PBXBuildFile; fileRef = 3B2DCBEE29E04D9C00D57509 /* UIButton_newButton.swift */; };
		3B2DCBF129E04F3400D57509 /* UILabel_newLabel.swift in Sources */ = {isa = PBXBuildFile; fileRef = 3B2DCBF029E04F3400D57509 /* UILabel_newLabel.swift */; };
		3B2DCBF329E051F900D57509 /* UITextField_newTextField.swift in Sources */ = {isa = PBXBuildFile; fileRef = 3B2DCBF229E051F900D57509 /* UITextField_newTextField.swift */; };
/* End PBXBuildFile section */

/* Begin PBXFileReference section */
		3B2DCB8129D227A700D57509 /* HousePlant.app */ = {isa = PBXFileReference; explicitFileType = wrapper.application; includeInIndex = 0; path = HousePlant.app; sourceTree = BUILT_PRODUCTS_DIR; };
		3B2DCB8429D227A700D57509 /* AppDelegate.swift */ = {isa = PBXFileReference; lastKnownFileType = sourcecode.swift; path = AppDelegate.swift; sourceTree = "<group>"; };
		3B2DCB8629D227A700D57509 /* SceneDelegate.swift */ = {isa = PBXFileReference; lastKnownFileType = sourcecode.swift; path = SceneDelegate.swift; sourceTree = "<group>"; };
		3B2DCB8829D227A700D57509 /* ViewController.swift */ = {isa = PBXFileReference; lastKnownFileType = sourcecode.swift; path = ViewController.swift; sourceTree = "<group>"; };
		3B2DCB8B29D227A700D57509 /* Base */ = {isa = PBXFileReference; lastKnownFileType = file.storyboard; name = Base; path = Base.lproj/Main.storyboard; sourceTree = "<group>"; };
		3B2DCB8D29D227A900D57509 /* Assets.xcassets */ = {isa = PBXFileReference; lastKnownFileType = folder.assetcatalog; path = Assets.xcassets; sourceTree = "<group>"; };
		3B2DCB9029D227A900D57509 /* Base */ = {isa = PBXFileReference; lastKnownFileType = file.storyboard; name = Base; path = Base.lproj/LaunchScreen.storyboard; sourceTree = "<group>"; };
		3B2DCB9229D227A900D57509 /* Info.plist */ = {isa = PBXFileReference; lastKnownFileType = text.plist.xml; path = Info.plist; sourceTree = "<group>"; };
		3B2DCB9D29D2288B00D57509 /* UIView_addSubViews.swift */ = {isa = PBXFileReference; fileEncoding = 4; lastKnownFileType = sourcecode.swift; path = UIView_addSubViews.swift; sourceTree = "<group>"; };
		3B2DCB9E29D2288B00D57509 /* UIView_enableTapGestureRecognizer.swift */ = {isa = PBXFileReference; fileEncoding = 4; lastKnownFileType = sourcecode.swift; path = UIView_enableTapGestureRecognizer.swift; sourceTree = "<group>"; };
		3B2DCBA129D3131F00D57509 /* PlantTableViewCell.swift */ = {isa = PBXFileReference; lastKnownFileType = sourcecode.swift; path = PlantTableViewCell.swift; sourceTree = "<group>"; };
		3B2DCBA429D3150500D57509 /* PlantModel.swift */ = {isa = PBXFileReference; lastKnownFileType = sourcecode.swift; path = PlantModel.swift; sourceTree = "<group>"; };
		3B2DCBA629D366EB00D57509 /* API.swift */ = {isa = PBXFileReference; fileEncoding = 4; lastKnownFileType = sourcecode.swift; path = API.swift; sourceTree = "<group>"; };
		3B2DCBA829D3674600D57509 /* PlantAPI.swift */ = {isa = PBXFileReference; lastKnownFileType = sourcecode.swift; path = PlantAPI.swift; sourceTree = "<group>"; };
		3B2DCBAA29D36F6200D57509 /* UIImageView_fetchImageFromURL.swift */ = {isa = PBXFileReference; fileEncoding = 4; lastKnownFileType = sourcecode.swift; path = UIImageView_fetchImageFromURL.swift; sourceTree = "<group>"; };
		3B2DCBB029D38B7800D57509 /* Logo.swift */ = {isa = PBXFileReference; lastKnownFileType = sourcecode.swift; path = Logo.swift; sourceTree = "<group>"; };
		3B2DCBB729D5EB0400D57509 /* UIPageNavigation.swift */ = {isa = PBXFileReference; lastKnownFileType = sourcecode.swift; path = UIPageNavigation.swift; sourceTree = "<group>"; };
		3B2DCBBB29D607B500D57509 /* PlantDetailController.swift */ = {isa = PBXFileReference; lastKnownFileType = sourcecode.swift; path = PlantDetailController.swift; sourceTree = "<group>"; };
		3B2DCBBF29D6081900D57509 /* UIPlantDetail.swift */ = {isa = PBXFileReference; lastKnownFileType = sourcecode.swift; path = UIPlantDetail.swift; sourceTree = "<group>"; };
		3B2DCBC129DB012100D57509 /* UILoginForm.swift */ = {isa = PBXFileReference; lastKnownFileType = sourcecode.swift; path = UILoginForm.swift; sourceTree = "<group>"; };
		3B2DCBC329DB0FED00D57509 /* LoginController.swift */ = {isa = PBXFileReference; lastKnownFileType = sourcecode.swift; path = LoginController.swift; sourceTree = "<group>"; };
		3B2DCBC529DB0FFB00D57509 /* SignUpController.swift */ = {isa = PBXFileReference; lastKnownFileType = sourcecode.swift; path = SignUpController.swift; sourceTree = "<group>"; };
		3B2DCBC729DB6EC400D57509 /* UIUtilitiesBar.swift */ = {isa = PBXFileReference; lastKnownFileType = sourcecode.swift; path = UIUtilitiesBar.swift; sourceTree = "<group>"; };
		3B2DCBE029DC65F500D57509 /* UISignUpForm.swift */ = {isa = PBXFileReference; lastKnownFileType = sourcecode.swift; path = UISignUpForm.swift; sourceTree = "<group>"; };
		3B2DCBE229DC779E00D57509 /* GoogleService-Info.plist */ = {isa = PBXFileReference; fileEncoding = 4; lastKnownFileType = text.plist.xml; path = "GoogleService-Info.plist"; sourceTree = "<group>"; };
		3B2DCBE429DC8B0A00D57509 /* Toast.swift */ = {isa = PBXFileReference; fileEncoding = 4; lastKnownFileType = sourcecode.swift; path = Toast.swift; sourceTree = "<group>"; };
		3B2DCBE829DCB6F400D57509 /* DatabaseManagement.swift */ = {isa = PBXFileReference; lastKnownFileType = sourcecode.swift; path = DatabaseManagement.swift; sourceTree = "<group>"; };
		3B2DCBEA29DE013F00D57509 /* PlantsSavedControllerViewController.swift */ = {isa = PBXFileReference; lastKnownFileType = sourcecode.swift; path = PlantsSavedControllerViewController.swift; sourceTree = "<group>"; };
		3B2DCBEC29DEFFA400D57509 /* UIPlantDetailUtility.swift */ = {isa = PBXFileReference; lastKnownFileType = sourcecode.swift; path = UIPlantDetailUtility.swift; sourceTree = "<group>"; };
		3B2DCBEE29E04D9C00D57509 /* UIButton_newButton.swift */ = {isa = PBXFileReference; lastKnownFileType = sourcecode.swift; path = UIButton_newButton.swift; sourceTree = "<group>"; };
		3B2DCBF029E04F3400D57509 /* UILabel_newLabel.swift */ = {isa = PBXFileReference; lastKnownFileType = sourcecode.swift; path = UILabel_newLabel.swift; sourceTree = "<group>"; };
		3B2DCBF229E051F900D57509 /* UITextField_newTextField.swift */ = {isa = PBXFileReference; lastKnownFileType = sourcecode.swift; path = UITextField_newTextField.swift; sourceTree = "<group>"; };
/* End PBXFileReference section */

/* Begin PBXFrameworksBuildPhase section */
		3B2DCB7E29D227A700D57509 /* Frameworks */ = {
			isa = PBXFrameworksBuildPhase;
			buildActionMask = 2147483647;
			files = (
				3B2DCBDA29DC618200D57509 /* FirebaseDatabaseSwift in Frameworks */,
				3B2DCBD829DC618200D57509 /* FirebaseDatabase in Frameworks */,
				3B2DCBD629DC618200D57509 /* FirebaseAuth in Frameworks */,
			);
			runOnlyForDeploymentPostprocessing = 0;
		};
/* End PBXFrameworksBuildPhase section */

/* Begin PBXGroup section */
		3B2DCB7829D227A700D57509 = {
			isa = PBXGroup;
			children = (
				3B2DCBE229DC779E00D57509 /* GoogleService-Info.plist */,
				3B2DCB8329D227A700D57509 /* HousePlant */,
				3B2DCB8229D227A700D57509 /* Products */,
			);
			sourceTree = "<group>";
		};
		3B2DCB8229D227A700D57509 /* Products */ = {
			isa = PBXGroup;
			children = (
				3B2DCB8129D227A700D57509 /* HousePlant.app */,
			);
			name = Products;
			sourceTree = "<group>";
		};
		3B2DCB8329D227A700D57509 /* HousePlant */ = {
			isa = PBXGroup;
			children = (
				3B2DCBA329D314ED00D57509 /* Model */,
				3B2DCB9B29D2281A00D57509 /* Service */,
				3B2DCB9A29D2280C00D57509 /* Extension */,
				3B2DCB9929D2280400D57509 /* Controller */,
				3B2DCB9829D227F400D57509 /* CustomizedUI */,
				3B2DCB8429D227A700D57509 /* AppDelegate.swift */,
				3B2DCB8629D227A700D57509 /* SceneDelegate.swift */,
				3B2DCB8A29D227A700D57509 /* Main.storyboard */,
				3B2DCB8D29D227A900D57509 /* Assets.xcassets */,
				3B2DCB8F29D227A900D57509 /* LaunchScreen.storyboard */,
				3B2DCB9229D227A900D57509 /* Info.plist */,
			);
			path = HousePlant;
			sourceTree = "<group>";
		};
		3B2DCB9829D227F400D57509 /* CustomizedUI */ = {
			isa = PBXGroup;
			children = (
				3B2DCBE429DC8B0A00D57509 /* Toast.swift */,
				3B2DCBA129D3131F00D57509 /* PlantTableViewCell.swift */,
				3B2DCBB029D38B7800D57509 /* Logo.swift */,
				3B2DCBB729D5EB0400D57509 /* UIPageNavigation.swift */,
				3B2DCBBF29D6081900D57509 /* UIPlantDetail.swift */,
				3B2DCBC129DB012100D57509 /* UILoginForm.swift */,
				3B2DCBC729DB6EC400D57509 /* UIUtilitiesBar.swift */,
				3B2DCBE029DC65F500D57509 /* UISignUpForm.swift */,
				3B2DCBEC29DEFFA400D57509 /* UIPlantDetailUtility.swift */,
			);
			path = CustomizedUI;
			sourceTree = "<group>";
		};
		3B2DCB9929D2280400D57509 /* Controller */ = {
			isa = PBXGroup;
			children = (
				3B2DCB8829D227A700D57509 /* ViewController.swift */,
				3B2DCBBB29D607B500D57509 /* PlantDetailController.swift */,
				3B2DCBC329DB0FED00D57509 /* LoginController.swift */,
				3B2DCBC529DB0FFB00D57509 /* SignUpController.swift */,
				3B2DCBEA29DE013F00D57509 /* PlantsSavedControllerViewController.swift */,
			);
			path = Controller;
			sourceTree = "<group>";
		};
		3B2DCB9A29D2280C00D57509 /* Extension */ = {
			isa = PBXGroup;
			children = (
				3B2DCBAA29D36F6200D57509 /* UIImageView_fetchImageFromURL.swift */,
				3B2DCB9D29D2288B00D57509 /* UIView_addSubViews.swift */,
				3B2DCB9E29D2288B00D57509 /* UIView_enableTapGestureRecognizer.swift */,
				3B2DCBEE29E04D9C00D57509 /* UIButton_newButton.swift */,
				3B2DCBF029E04F3400D57509 /* UILabel_newLabel.swift */,
				3B2DCBF229E051F900D57509 /* UITextField_newTextField.swift */,
			);
			path = Extension;
			sourceTree = "<group>";
		};
		3B2DCB9B29D2281A00D57509 /* Service */ = {
			isa = PBXGroup;
			children = (
				3B2DCBDB29DC61B200D57509 /* Firebase */,
				3B2DCB9C29D2282000D57509 /* API */,
			);
			path = Service;
			sourceTree = "<group>";
		};
		3B2DCB9C29D2282000D57509 /* API */ = {
			isa = PBXGroup;
			children = (
				3B2DCBA629D366EB00D57509 /* API.swift */,
				3B2DCBA829D3674600D57509 /* PlantAPI.swift */,
			);
			path = API;
			sourceTree = "<group>";
		};
		3B2DCBA329D314ED00D57509 /* Model */ = {
			isa = PBXGroup;
			children = (
				3B2DCBA429D3150500D57509 /* PlantModel.swift */,
			);
			path = Model;
			sourceTree = "<group>";
		};
		3B2DCBDB29DC61B200D57509 /* Firebase */ = {
			isa = PBXGroup;
			children = (
				3B2DCBE829DCB6F400D57509 /* DatabaseManagement.swift */,
			);
			path = Firebase;
			sourceTree = "<group>";
		};
/* End PBXGroup section */

/* Begin PBXNativeTarget section */
		3B2DCB8029D227A700D57509 /* HousePlant */ = {
			isa = PBXNativeTarget;
			buildConfigurationList = 3B2DCB9529D227A900D57509 /* Build configuration list for PBXNativeTarget "HousePlant" */;
			buildPhases = (
				3B2DCB7D29D227A700D57509 /* Sources */,
				3B2DCB7E29D227A700D57509 /* Frameworks */,
				3B2DCB7F29D227A700D57509 /* Resources */,
			);
			buildRules = (
			);
			dependencies = (
			);
			name = HousePlant;
			packageProductDependencies = (
				3B2DCBD529DC618200D57509 /* FirebaseAuth */,
				3B2DCBD729DC618200D57509 /* FirebaseDatabase */,
				3B2DCBD929DC618200D57509 /* FirebaseDatabaseSwift */,
			);
			productName = HousePlant;
			productReference = 3B2DCB8129D227A700D57509 /* HousePlant.app */;
			productType = "com.apple.product-type.application";
		};
/* End PBXNativeTarget section */

/* Begin PBXProject section */
		3B2DCB7929D227A700D57509 /* Project object */ = {
			isa = PBXProject;
			attributes = {
				BuildIndependentTargetsInParallel = 1;
				LastSwiftUpdateCheck = 1400;
				LastUpgradeCheck = 1400;
				TargetAttributes = {
					3B2DCB8029D227A700D57509 = {
						CreatedOnToolsVersion = 14.0.1;
					};
				};
			};
			buildConfigurationList = 3B2DCB7C29D227A700D57509 /* Build configuration list for PBXProject "HousePlant" */;
			compatibilityVersion = "Xcode 14.0";
			developmentRegion = en;
			hasScannedForEncodings = 0;
			knownRegions = (
				en,
				Base,
			);
			mainGroup = 3B2DCB7829D227A700D57509;
			packageReferences = (
				3B2DCBD429DC618200D57509 /* XCRemoteSwiftPackageReference "firebase-ios-sdk" */,
			);
			productRefGroup = 3B2DCB8229D227A700D57509 /* Products */;
			projectDirPath = "";
			projectRoot = "";
			targets = (
				3B2DCB8029D227A700D57509 /* HousePlant */,
			);
		};
/* End PBXProject section */

/* Begin PBXResourcesBuildPhase section */
		3B2DCB7F29D227A700D57509 /* Resources */ = {
			isa = PBXResourcesBuildPhase;
			buildActionMask = 2147483647;
			files = (
				3B2DCB9129D227A900D57509 /* LaunchScreen.storyboard in Resources */,
				3B2DCBE329DC779E00D57509 /* GoogleService-Info.plist in Resources */,
				3B2DCB8E29D227A900D57509 /* Assets.xcassets in Resources */,
				3B2DCB8C29D227A700D57509 /* Main.storyboard in Resources */,
			);
			runOnlyForDeploymentPostprocessing = 0;
		};
/* End PBXResourcesBuildPhase section */

/* Begin PBXSourcesBuildPhase section */
		3B2DCB7D29D227A700D57509 /* Sources */ = {
			isa = PBXSourcesBuildPhase;
			buildActionMask = 2147483647;
			files = (
				3B2DCBE929DCB6F400D57509 /* DatabaseManagement.swift in Sources */,
				3B2DCBA029D2288C00D57509 /* UIView_enableTapGestureRecognizer.swift in Sources */,
				3B2DCBAB29D36F6200D57509 /* UIImageView_fetchImageFromURL.swift in Sources */,
				3B2DCBA229D3131F00D57509 /* PlantTableViewCell.swift in Sources */,
				3B2DCBEF29E04D9C00D57509 /* UIButton_newButton.swift in Sources */,
				3B2DCBA529D3150500D57509 /* PlantModel.swift in Sources */,
				3B2DCBC829DB6EC400D57509 /* UIUtilitiesBar.swift in Sources */,
				3B2DCBB829D5EB0400D57509 /* UIPageNavigation.swift in Sources */,
				3B2DCB9F29D2288C00D57509 /* UIView_addSubViews.swift in Sources */,
				3B2DCBC229DB012100D57509 /* UILoginForm.swift in Sources */,
				3B2DCBED29DEFFA400D57509 /* UIPlantDetailUtility.swift in Sources */,
				3B2DCBE129DC65F500D57509 /* UISignUpForm.swift in Sources */,
				3B2DCBEB29DE013F00D57509 /* PlantsSavedControllerViewController.swift in Sources */,
				3B2DCBF129E04F3400D57509 /* UILabel_newLabel.swift in Sources */,
				3B2DCB8929D227A700D57509 /* ViewController.swift in Sources */,
				3B2DCB8529D227A700D57509 /* AppDelegate.swift in Sources */,
				3B2DCBA729D366EB00D57509 /* API.swift in Sources */,
				3B2DCBC629DB0FFB00D57509 /* SignUpController.swift in Sources */,
				3B2DCBC429DB0FED00D57509 /* LoginController.swift in Sources */,
				3B2DCBBC29D607B500D57509 /* PlantDetailController.swift in Sources */,
				3B2DCBA929D3674600D57509 /* PlantAPI.swift in Sources */,
				3B2DCBC029D6081900D57509 /* UIPlantDetail.swift in Sources */,
				3B2DCBB129D38B7800D57509 /* Logo.swift in Sources */,
				3B2DCBE529DC8B0A00D57509 /* Toast.swift in Sources */,
				3B2DCBF329E051F900D57509 /* UITextField_newTextField.swift in Sources */,
				3B2DCB8729D227A700D57509 /* SceneDelegate.swift in Sources */,
			);
			runOnlyForDeploymentPostprocessing = 0;
		};
/* End PBXSourcesBuildPhase section */

/* Begin PBXVariantGroup section */
		3B2DCB8A29D227A700D57509 /* Main.storyboard */ = {
			isa = PBXVariantGroup;
			children = (
				3B2DCB8B29D227A700D57509 /* Base */,
			);
			name = Main.storyboard;
			sourceTree = "<group>";
		};
		3B2DCB8F29D227A900D57509 /* LaunchScreen.storyboard */ = {
			isa = PBXVariantGroup;
			children = (
				3B2DCB9029D227A900D57509 /* Base */,
			);
			name = LaunchScreen.storyboard;
			sourceTree = "<group>";
		};
/* End PBXVariantGroup section */

/* Begin XCBuildConfiguration section */
		3B2DCB9329D227A900D57509 /* Debug */ = {
			isa = XCBuildConfiguration;
			buildSettings = {
				ALWAYS_SEARCH_USER_PATHS = NO;
				CLANG_ANALYZER_NONNULL = YES;
				CLANG_ANALYZER_NUMBER_OBJECT_CONVERSION = YES_AGGRESSIVE;
				CLANG_CXX_LANGUAGE_STANDARD = "gnu++20";
				CLANG_ENABLE_MODULES = YES;
				CLANG_ENABLE_OBJC_ARC = YES;
				CLANG_ENABLE_OBJC_WEAK = YES;
				CLANG_WARN_BLOCK_CAPTURE_AUTORELEASING = YES;
				CLANG_WARN_BOOL_CONVERSION = YES;
				CLANG_WARN_COMMA = YES;
				CLANG_WARN_CONSTANT_CONVERSION = YES;
				CLANG_WARN_DEPRECATED_OBJC_IMPLEMENTATIONS = YES;
				CLANG_WARN_DIRECT_OBJC_ISA_USAGE = YES_ERROR;
				CLANG_WARN_DOCUMENTATION_COMMENTS = YES;
				CLANG_WARN_EMPTY_BODY = YES;
				CLANG_WARN_ENUM_CONVERSION = YES;
				CLANG_WARN_INFINITE_RECURSION = YES;
				CLANG_WARN_INT_CONVERSION = YES;
				CLANG_WARN_NON_LITERAL_NULL_CONVERSION = YES;
				CLANG_WARN_OBJC_IMPLICIT_RETAIN_SELF = YES;
				CLANG_WARN_OBJC_LITERAL_CONVERSION = YES;
				CLANG_WARN_OBJC_ROOT_CLASS = YES_ERROR;
				CLANG_WARN_QUOTED_INCLUDE_IN_FRAMEWORK_HEADER = YES;
				CLANG_WARN_RANGE_LOOP_ANALYSIS = YES;
				CLANG_WARN_STRICT_PROTOTYPES = YES;
				CLANG_WARN_SUSPICIOUS_MOVE = YES;
				CLANG_WARN_UNGUARDED_AVAILABILITY = YES_AGGRESSIVE;
				CLANG_WARN_UNREACHABLE_CODE = YES;
				CLANG_WARN__DUPLICATE_METHOD_MATCH = YES;
				COPY_PHASE_STRIP = NO;
				DEBUG_INFORMATION_FORMAT = dwarf;
				ENABLE_STRICT_OBJC_MSGSEND = YES;
				ENABLE_TESTABILITY = YES;
				GCC_C_LANGUAGE_STANDARD = gnu11;
				GCC_DYNAMIC_NO_PIC = NO;
				GCC_NO_COMMON_BLOCKS = YES;
				GCC_OPTIMIZATION_LEVEL = 0;
				GCC_PREPROCESSOR_DEFINITIONS = (
					"DEBUG=1",
					"$(inherited)",
				);
				GCC_WARN_64_TO_32_BIT_CONVERSION = YES;
				GCC_WARN_ABOUT_RETURN_TYPE = YES_ERROR;
				GCC_WARN_UNDECLARED_SELECTOR = YES;
				GCC_WARN_UNINITIALIZED_AUTOS = YES_AGGRESSIVE;
				GCC_WARN_UNUSED_FUNCTION = YES;
				GCC_WARN_UNUSED_VARIABLE = YES;
				IPHONEOS_DEPLOYMENT_TARGET = 16.0;
				MTL_ENABLE_DEBUG_INFO = INCLUDE_SOURCE;
				MTL_FAST_MATH = YES;
				ONLY_ACTIVE_ARCH = YES;
				SDKROOT = iphoneos;
				SWIFT_ACTIVE_COMPILATION_CONDITIONS = DEBUG;
				SWIFT_OPTIMIZATION_LEVEL = "-Onone";
			};
			name = Debug;
		};
		3B2DCB9429D227A900D57509 /* Release */ = {
			isa = XCBuildConfiguration;
			buildSettings = {
				ALWAYS_SEARCH_USER_PATHS = NO;
				CLANG_ANALYZER_NONNULL = YES;
				CLANG_ANALYZER_NUMBER_OBJECT_CONVERSION = YES_AGGRESSIVE;
				CLANG_CXX_LANGUAGE_STANDARD = "gnu++20";
				CLANG_ENABLE_MODULES = YES;
				CLANG_ENABLE_OBJC_ARC = YES;
				CLANG_ENABLE_OBJC_WEAK = YES;
				CLANG_WARN_BLOCK_CAPTURE_AUTORELEASING = YES;
				CLANG_WARN_BOOL_CONVERSION = YES;
				CLANG_WARN_COMMA = YES;
				CLANG_WARN_CONSTANT_CONVERSION = YES;
				CLANG_WARN_DEPRECATED_OBJC_IMPLEMENTATIONS = YES;
				CLANG_WARN_DIRECT_OBJC_ISA_USAGE = YES_ERROR;
				CLANG_WARN_DOCUMENTATION_COMMENTS = YES;
				CLANG_WARN_EMPTY_BODY = YES;
				CLANG_WARN_ENUM_CONVERSION = YES;
				CLANG_WARN_INFINITE_RECURSION = YES;
				CLANG_WARN_INT_CONVERSION = YES;
				CLANG_WARN_NON_LITERAL_NULL_CONVERSION = YES;
				CLANG_WARN_OBJC_IMPLICIT_RETAIN_SELF = YES;
				CLANG_WARN_OBJC_LITERAL_CONVERSION = YES;
				CLANG_WARN_OBJC_ROOT_CLASS = YES_ERROR;
				CLANG_WARN_QUOTED_INCLUDE_IN_FRAMEWORK_HEADER = YES;
				CLANG_WARN_RANGE_LOOP_ANALYSIS = YES;
				CLANG_WARN_STRICT_PROTOTYPES = YES;
				CLANG_WARN_SUSPICIOUS_MOVE = YES;
				CLANG_WARN_UNGUARDED_AVAILABILITY = YES_AGGRESSIVE;
				CLANG_WARN_UNREACHABLE_CODE = YES;
				CLANG_WARN__DUPLICATE_METHOD_MATCH = YES;
				COPY_PHASE_STRIP = NO;
				DEBUG_INFORMATION_FORMAT = "dwarf-with-dsym";
				ENABLE_NS_ASSERTIONS = NO;
				ENABLE_STRICT_OBJC_MSGSEND = YES;
				GCC_C_LANGUAGE_STANDARD = gnu11;
				GCC_NO_COMMON_BLOCKS = YES;
				GCC_WARN_64_TO_32_BIT_CONVERSION = YES;
				GCC_WARN_ABOUT_RETURN_TYPE = YES_ERROR;
				GCC_WARN_UNDECLARED_SELECTOR = YES;
				GCC_WARN_UNINITIALIZED_AUTOS = YES_AGGRESSIVE;
				GCC_WARN_UNUSED_FUNCTION = YES;
				GCC_WARN_UNUSED_VARIABLE = YES;
				IPHONEOS_DEPLOYMENT_TARGET = 16.0;
				MTL_ENABLE_DEBUG_INFO = NO;
				MTL_FAST_MATH = YES;
				SDKROOT = iphoneos;
				SWIFT_COMPILATION_MODE = wholemodule;
				SWIFT_OPTIMIZATION_LEVEL = "-O";
				VALIDATE_PRODUCT = YES;
			};
			name = Release;
		};
		3B2DCB9629D227A900D57509 /* Debug */ = {
			isa = XCBuildConfiguration;
			buildSettings = {
				ASSETCATALOG_COMPILER_APPICON_NAME = AppIcon;
				ASSETCATALOG_COMPILER_GLOBAL_ACCENT_COLOR_NAME = AccentColor;
				CODE_SIGN_STYLE = Automatic;
				CURRENT_PROJECT_VERSION = 1;
				GENERATE_INFOPLIST_FILE = YES;
				INFOPLIST_FILE = HousePlant/Info.plist;
				INFOPLIST_KEY_UIApplicationSupportsIndirectInputEvents = YES;
				INFOPLIST_KEY_UILaunchStoryboardName = LaunchScreen;
				INFOPLIST_KEY_UIMainStoryboardFile = Main;
				INFOPLIST_KEY_UISupportedInterfaceOrientations_iPad = "UIInterfaceOrientationPortrait UIInterfaceOrientationPortraitUpsideDown UIInterfaceOrientationLandscapeLeft UIInterfaceOrientationLandscapeRight";
				INFOPLIST_KEY_UISupportedInterfaceOrientations_iPhone = "UIInterfaceOrientationPortrait UIInterfaceOrientationLandscapeLeft UIInterfaceOrientationLandscapeRight";
				LD_RUNPATH_SEARCH_PATHS = (
					"$(inherited)",
					"@executable_path/Frameworks",
				);
				MARKETING_VERSION = 1.0;
				PRODUCT_BUNDLE_IDENTIFIER = thihongphucnguyen.HousePlant;
				PRODUCT_NAME = "$(TARGET_NAME)";
				SWIFT_EMIT_LOC_STRINGS = YES;
				SWIFT_VERSION = 5.0;
				TARGETED_DEVICE_FAMILY = "1,2";
			};
			name = Debug;
		};
		3B2DCB9729D227A900D57509 /* Release */ = {
			isa = XCBuildConfiguration;
			buildSettings = {
				ASSETCATALOG_COMPILER_APPICON_NAME = AppIcon;
				ASSETCATALOG_COMPILER_GLOBAL_ACCENT_COLOR_NAME = AccentColor;
				CODE_SIGN_STYLE = Automatic;
				CURRENT_PROJECT_VERSION = 1;
				GENERATE_INFOPLIST_FILE = YES;
				INFOPLIST_FILE = HousePlant/Info.plist;
				INFOPLIST_KEY_UIApplicationSupportsIndirectInputEvents = YES;
				INFOPLIST_KEY_UILaunchStoryboardName = LaunchScreen;
				INFOPLIST_KEY_UIMainStoryboardFile = Main;
				INFOPLIST_KEY_UISupportedInterfaceOrientations_iPad = "UIInterfaceOrientationPortrait UIInterfaceOrientationPortraitUpsideDown UIInterfaceOrientationLandscapeLeft UIInterfaceOrientationLandscapeRight";
				INFOPLIST_KEY_UISupportedInterfaceOrientations_iPhone = "UIInterfaceOrientationPortrait UIInterfaceOrientationLandscapeLeft UIInterfaceOrientationLandscapeRight";
				LD_RUNPATH_SEARCH_PATHS = (
					"$(inherited)",
					"@executable_path/Frameworks",
				);
				MARKETING_VERSION = 1.0;
				PRODUCT_BUNDLE_IDENTIFIER = thihongphucnguyen.HousePlant;
				PRODUCT_NAME = "$(TARGET_NAME)";
				SWIFT_EMIT_LOC_STRINGS = YES;
				SWIFT_VERSION = 5.0;
				TARGETED_DEVICE_FAMILY = "1,2";
			};
			name = Release;
		};
/* End XCBuildConfiguration section */

/* Begin XCConfigurationList section */
		3B2DCB7C29D227A700D57509 /* Build configuration list for PBXProject "HousePlant" */ = {
			isa = XCConfigurationList;
			buildConfigurations = (
				3B2DCB9329D227A900D57509 /* Debug */,
				3B2DCB9429D227A900D57509 /* Release */,
			);
			defaultConfigurationIsVisible = 0;
			defaultConfigurationName = Release;
		};
		3B2DCB9529D227A900D57509 /* Build configuration list for PBXNativeTarget "HousePlant" */ = {
			isa = XCConfigurationList;
			buildConfigurations = (
				3B2DCB9629D227A900D57509 /* Debug */,
				3B2DCB9729D227A900D57509 /* Release */,
			);
			defaultConfigurationIsVisible = 0;
			defaultConfigurationName = Release;
		};
/* End XCConfigurationList section */

/* Begin XCRemoteSwiftPackageReference section */
		3B2DCBD429DC618200D57509 /* XCRemoteSwiftPackageReference "firebase-ios-sdk" */ = {
			isa = XCRemoteSwiftPackageReference;
			repositoryURL = "https://github.com/firebase/firebase-ios-sdk";
			requirement = {
				kind = upToNextMajorVersion;
				minimumVersion = 9.0.0;
			};
		};
/* End XCRemoteSwiftPackageReference section */

/* Begin XCSwiftPackageProductDependency section */
		3B2DCBD529DC618200D57509 /* FirebaseAuth */ = {
			isa = XCSwiftPackageProductDependency;
			package = 3B2DCBD429DC618200D57509 /* XCRemoteSwiftPackageReference "firebase-ios-sdk" */;
			productName = FirebaseAuth;
		};
		3B2DCBD729DC618200D57509 /* FirebaseDatabase */ = {
			isa = XCSwiftPackageProductDependency;
			package = 3B2DCBD429DC618200D57509 /* XCRemoteSwiftPackageReference "firebase-ios-sdk" */;
			productName = FirebaseDatabase;
		};
		3B2DCBD929DC618200D57509 /* FirebaseDatabaseSwift */ = {
			isa = XCSwiftPackageProductDependency;
			package = 3B2DCBD429DC618200D57509 /* XCRemoteSwiftPackageReference "firebase-ios-sdk" */;
			productName = FirebaseDatabaseSwift;
		};
/* End XCSwiftPackageProductDependency section */
	};
	rootObject = 3B2DCB7929D227A700D57509 /* Project object */;
}
